{
  "name": "@forzoom/vue-router-scroll",
  "version": "0.1.0",
  "lockfileVersion": 1,
  "requires": true,
  "dependencies": {
    "@types/estree": {
      "version": "0.0.38",
      "resolved": "http://registry.npm.taobao.org/@types/estree/download/@types/estree-0.0.38.tgz",
      "integrity": "sha1-wb5AqpM3I8YIggqZo3OhbSFaHKI="
    },
    "@types/node": {
      "version": "9.6.6",
      "resolved": "http://registry.npm.taobao.org/@types/node/download/@types/node-9.6.6.tgz",
      "integrity": "sha1-Q5uR+crzmDytLu8eEfa+3L+UMdI="
    },
    "rollup": {
      "version": "0.58.1",
      "resolved": "http://registry.npm.taobao.org/rollup/download/rollup-0.58.1.tgz",
      "integrity": "sha1-Xi4FzrED93CGixLEBIwi05A/ot0=",
      "requires": {
        "@types/estree": "0.0.38",
        "@types/node": "9.6.6"
      }
    }
  }
}
